
Microsoft Visual Studio Solution File, Format Version 12.00
# Visual Studio Version 17
VisualStudioVersion = 17.1.32228.430
MinimumVisualStudioVersion = 10.0.40219.1
Project("{FAE04EC0-301F-11D3-BF4B-00C04F79EFBC}") = "Model", "Model\Model.csproj", "{753E148E-6A43-4AF2-82C3-16E6ED7E855A}"
EndProject
Project("{FAE04EC0-301F-11D3-BF4B-00C04F79EFBC}") = "App", "App\App.csproj", "{42CE00FE-1E2E-4361-A727-D2079E563310}"
EndProject
Global
	GlobalSection(SolutionConfigurationPlatforms) = preSolution
		Debug|Any CPU = Debug|Any CPU
		Release|Any CPU = Release|Any CPU
	EndGlobalSection
	GlobalSection(ProjectConfigurationPlatforms) = postSolution
		{753E148E-6A43-4AF2-82C3-16E6ED7E855A}.Debug|Any CPU.ActiveCfg = Debug|Any CPU
		{753E148E-6A43-4AF2-82C3-16E6ED7E855A}.Debug|Any CPU.Build.0 = Debug|Any CPU
		{753E148E-6A43-4AF2-82C3-16E6ED7E855A}.Release|Any CPU.ActiveCfg = Release|Any CPU
		{753E148E-6A43-4AF2-82C3-16E6ED7E855A}.Release|Any CPU.Build.0 = Release|Any CPU
		{42CE00FE-1E2E-4361-A727-D2079E563310}.Debug|Any CPU.ActiveCfg = Debug|Any CPU
		{42CE00FE-1E2E-4361-A727-D2079E563310}.Debug|Any CPU.Build.0 = Debug|Any CPU
		{42CE00FE-1E2E-4361-A727-D2079E563310}.Release|Any CPU.ActiveCfg = Release|Any CPU
		{42CE00FE-1E2E-4361-A727-D2079E563310}.Release|Any CPU.Build.0 = Release|Any CPU
	EndGlobalSection
	GlobalSection(SolutionProperties) = preSolution
		HideSolutionNode = FALSE
	EndGlobalSection
	GlobalSection(ExtensibilityGlobals) = postSolution
		SolutionGuid = {F3BB5E6A-EDC9-497D-BEE8-6191FCF674DC}
	EndGlobalSection
EndGlobal
