
Microsoft Visual Studio Solution File, Format Version 12.00
# Visual Studio Version 17
VisualStudioVersion = 17.3.32922.545
MinimumVisualStudioVersion = 10.0.40219.1
Project("{FAE04EC0-301F-11D3-BF4B-00C04F79EFBC}") = "App", "App\App.csproj", "{9CDC64F8-F77A-4472-A903-8519CEB075F4}"
EndProject
Project("{FAE04EC0-301F-11D3-BF4B-00C04F79EFBC}") = "Models", "..\Models\Models.csproj", "{2E20B700-885A-453D-8352-EE8B4069B9F0}"
EndProject
Global
	GlobalSection(SolutionConfigurationPlatforms) = preSolution
		Debug|Any CPU = Debug|Any CPU
		Release|Any CPU = Release|Any CPU
	EndGlobalSection
	GlobalSection(ProjectConfigurationPlatforms) = postSolution
		{9CDC64F8-F77A-4472-A903-8519CEB075F4}.Debug|Any CPU.ActiveCfg = Debug|Any CPU
		{9CDC64F8-F77A-4472-A903-8519CEB075F4}.Debug|Any CPU.Build.0 = Debug|Any CPU
		{9CDC64F8-F77A-4472-A903-8519CEB075F4}.Release|Any CPU.ActiveCfg = Release|Any CPU
		{9CDC64F8-F77A-4472-A903-8519CEB075F4}.Release|Any CPU.Build.0 = Release|Any CPU
		{2E20B700-885A-453D-8352-EE8B4069B9F0}.Debug|Any CPU.ActiveCfg = Debug|Any CPU
		{2E20B700-885A-453D-8352-EE8B4069B9F0}.Debug|Any CPU.Build.0 = Debug|Any CPU
		{2E20B700-885A-453D-8352-EE8B4069B9F0}.Release|Any CPU.ActiveCfg = Release|Any CPU
		{2E20B700-885A-453D-8352-EE8B4069B9F0}.Release|Any CPU.Build.0 = Release|Any CPU
	EndGlobalSection
	GlobalSection(SolutionProperties) = preSolution
		HideSolutionNode = FALSE
	EndGlobalSection
	GlobalSection(ExtensibilityGlobals) = postSolution
		SolutionGuid = {EDCA4A6E-14C8-4753-AB37-86C1ADC5BCD0}
	EndGlobalSection
EndGlobal
