
Microsoft Visual Studio Solution File, Format Version 12.00
# Visual Studio Version 17
VisualStudioVersion = 17.6.33815.320
MinimumVisualStudioVersion = 10.0.40219.1
Project("{9A19103F-16F7-4668-BE54-9A1E7A4F7556}") = "App", "App\App.csproj", "{A1C78B7D-630F-4D9E-AA41-DC3155375F81}"
EndProject
Project("{FAE04EC0-301F-11D3-BF4B-00C04F79EFBC}") = "Models", "Models\Models.csproj", "{58601DC1-A41F-48EC-959A-BB80B5BAD4C2}"
EndProject
Global
	GlobalSection(SolutionConfigurationPlatforms) = preSolution
		Debug|Any CPU = Debug|Any CPU
		Release|Any CPU = Release|Any CPU
	EndGlobalSection
	GlobalSection(ProjectConfigurationPlatforms) = postSolution
		{A1C78B7D-630F-4D9E-AA41-DC3155375F81}.Debug|Any CPU.ActiveCfg = Debug|Any CPU
		{A1C78B7D-630F-4D9E-AA41-DC3155375F81}.Debug|Any CPU.Build.0 = Debug|Any CPU
		{A1C78B7D-630F-4D9E-AA41-DC3155375F81}.Release|Any CPU.ActiveCfg = Release|Any CPU
		{A1C78B7D-630F-4D9E-AA41-DC3155375F81}.Release|Any CPU.Build.0 = Release|Any CPU
		{58601DC1-A41F-48EC-959A-BB80B5BAD4C2}.Debug|Any CPU.ActiveCfg = Debug|Any CPU
		{58601DC1-A41F-48EC-959A-BB80B5BAD4C2}.Debug|Any CPU.Build.0 = Debug|Any CPU
		{58601DC1-A41F-48EC-959A-BB80B5BAD4C2}.Release|Any CPU.ActiveCfg = Release|Any CPU
		{58601DC1-A41F-48EC-959A-BB80B5BAD4C2}.Release|Any CPU.Build.0 = Release|Any CPU
	EndGlobalSection
	GlobalSection(SolutionProperties) = preSolution
		HideSolutionNode = FALSE
	EndGlobalSection
	GlobalSection(ExtensibilityGlobals) = postSolution
		SolutionGuid = {6EC99430-7159-4154-B27F-35C7DD5430E1}
	EndGlobalSection
EndGlobal
