
Microsoft Visual Studio Solution File, Format Version 12.00
# Visual Studio Version 17
VisualStudioVersion = 17.6.33801.468
MinimumVisualStudioVersion = 10.0.40219.1
Project("{FAE04EC0-301F-11D3-BF4B-00C04F79EFBC}") = "App", "App.csproj", "{E3117784-732C-4223-8B73-5A812CB2B288}"
EndProject
Project("{FAE04EC0-301F-11D3-BF4B-00C04F79EFBC}") = "Model", "..\Model\Model.csproj", "{2A9C527D-1C53-468D-B9AE-0A9A40A38C22}"
EndProject
Global
	GlobalSection(SolutionConfigurationPlatforms) = preSolution
		Debug|Any CPU = Debug|Any CPU
		Release|Any CPU = Release|Any CPU
	EndGlobalSection
	GlobalSection(ProjectConfigurationPlatforms) = postSolution
		{E3117784-732C-4223-8B73-5A812CB2B288}.Debug|Any CPU.ActiveCfg = Debug|Any CPU
		{E3117784-732C-4223-8B73-5A812CB2B288}.Debug|Any CPU.Build.0 = Debug|Any CPU
		{E3117784-732C-4223-8B73-5A812CB2B288}.Release|Any CPU.ActiveCfg = Release|Any CPU
		{E3117784-732C-4223-8B73-5A812CB2B288}.Release|Any CPU.Build.0 = Release|Any CPU
		{2A9C527D-1C53-468D-B9AE-0A9A40A38C22}.Debug|Any CPU.ActiveCfg = Debug|Any CPU
		{2A9C527D-1C53-468D-B9AE-0A9A40A38C22}.Debug|Any CPU.Build.0 = Debug|Any CPU
		{2A9C527D-1C53-468D-B9AE-0A9A40A38C22}.Release|Any CPU.ActiveCfg = Release|Any CPU
		{2A9C527D-1C53-468D-B9AE-0A9A40A38C22}.Release|Any CPU.Build.0 = Release|Any CPU
	EndGlobalSection
	GlobalSection(SolutionProperties) = preSolution
		HideSolutionNode = FALSE
	EndGlobalSection
	GlobalSection(ExtensibilityGlobals) = postSolution
		SolutionGuid = {B58CB0A4-BF24-4909-B70B-91D93CB46E72}
	EndGlobalSection
EndGlobal
