
Microsoft Visual Studio Solution File, Format Version 12.00
# Visual Studio Version 17
VisualStudioVersion = 17.7.34018.315
MinimumVisualStudioVersion = 10.0.40219.1
Project("{9A19103F-16F7-4668-BE54-9A1E7A4F7556}") = "Module", "Module\Module.csproj", "{5F7ECFE2-7E4F-4C8B-B0F6-8656F46CFF85}"
EndProject
Project("{FAE04EC0-301F-11D3-BF4B-00C04F79EFBC}") = "App", "App\App.csproj", "{7C4B8A51-D3C9-4223-AD4E-FFEC125F76C9}"
EndProject
Global
	GlobalSection(SolutionConfigurationPlatforms) = preSolution
		Debug|Any CPU = Debug|Any CPU
		Release|Any CPU = Release|Any CPU
	EndGlobalSection
	GlobalSection(ProjectConfigurationPlatforms) = postSolution
		{5F7ECFE2-7E4F-4C8B-B0F6-8656F46CFF85}.Debug|Any CPU.ActiveCfg = Debug|Any CPU
		{5F7ECFE2-7E4F-4C8B-B0F6-8656F46CFF85}.Debug|Any CPU.Build.0 = Debug|Any CPU
		{5F7ECFE2-7E4F-4C8B-B0F6-8656F46CFF85}.Release|Any CPU.ActiveCfg = Release|Any CPU
		{5F7ECFE2-7E4F-4C8B-B0F6-8656F46CFF85}.Release|Any CPU.Build.0 = Release|Any CPU
		{7C4B8A51-D3C9-4223-AD4E-FFEC125F76C9}.Debug|Any CPU.ActiveCfg = Debug|Any CPU
		{7C4B8A51-D3C9-4223-AD4E-FFEC125F76C9}.Debug|Any CPU.Build.0 = Debug|Any CPU
		{7C4B8A51-D3C9-4223-AD4E-FFEC125F76C9}.Release|Any CPU.ActiveCfg = Release|Any CPU
		{7C4B8A51-D3C9-4223-AD4E-FFEC125F76C9}.Release|Any CPU.Build.0 = Release|Any CPU
	EndGlobalSection
	GlobalSection(SolutionProperties) = preSolution
		HideSolutionNode = FALSE
	EndGlobalSection
	GlobalSection(ExtensibilityGlobals) = postSolution
		SolutionGuid = {9060B223-55E9-4668-92E4-F50FB1EED5A0}
	EndGlobalSection
EndGlobal
