
Microsoft Visual Studio Solution File, Format Version 12.00
# Visual Studio Version 17
VisualStudioVersion = 17.7.34009.444
MinimumVisualStudioVersion = 10.0.40219.1
Project("{9A19103F-16F7-4668-BE54-9A1E7A4F7556}") = "Models", "Models\Models.csproj", "{CBD2EDA4-0701-45DD-909A-CAFD19A649C6}"
EndProject
Project("{FAE04EC0-301F-11D3-BF4B-00C04F79EFBC}") = "ConsoleApp", "ConsoleApp\ConsoleApp.csproj", "{2D2FAB4B-E6B2-401F-AC25-02E8A9DEC3FA}"
EndProject
Global
	GlobalSection(SolutionConfigurationPlatforms) = preSolution
		Debug|Any CPU = Debug|Any CPU
		Release|Any CPU = Release|Any CPU
	EndGlobalSection
	GlobalSection(ProjectConfigurationPlatforms) = postSolution
		{CBD2EDA4-0701-45DD-909A-CAFD19A649C6}.Debug|Any CPU.ActiveCfg = Debug|Any CPU
		{CBD2EDA4-0701-45DD-909A-CAFD19A649C6}.Debug|Any CPU.Build.0 = Debug|Any CPU
		{CBD2EDA4-0701-45DD-909A-CAFD19A649C6}.Release|Any CPU.ActiveCfg = Release|Any CPU
		{CBD2EDA4-0701-45DD-909A-CAFD19A649C6}.Release|Any CPU.Build.0 = Release|Any CPU
		{2D2FAB4B-E6B2-401F-AC25-02E8A9DEC3FA}.Debug|Any CPU.ActiveCfg = Debug|Any CPU
		{2D2FAB4B-E6B2-401F-AC25-02E8A9DEC3FA}.Debug|Any CPU.Build.0 = Debug|Any CPU
		{2D2FAB4B-E6B2-401F-AC25-02E8A9DEC3FA}.Release|Any CPU.ActiveCfg = Release|Any CPU
		{2D2FAB4B-E6B2-401F-AC25-02E8A9DEC3FA}.Release|Any CPU.Build.0 = Release|Any CPU
	EndGlobalSection
	GlobalSection(SolutionProperties) = preSolution
		HideSolutionNode = FALSE
	EndGlobalSection
	GlobalSection(ExtensibilityGlobals) = postSolution
		SolutionGuid = {7BA0D329-4855-4D9B-8874-A1C40143A504}
	EndGlobalSection
EndGlobal
