
Microsoft Visual Studio Solution File, Format Version 12.00
# Visual Studio Version 17
VisualStudioVersion = 17.7.34003.232
MinimumVisualStudioVersion = 10.0.40219.1
Project("{FAE04EC0-301F-11D3-BF4B-00C04F79EFBC}") = "Models", "Models\Models.csproj", "{0F94ABD4-318A-4C19-8C0A-45A17CCCC189}"
EndProject
Global
	GlobalSection(SolutionConfigurationPlatforms) = preSolution
		Debug|Any CPU = Debug|Any CPU
		Release|Any CPU = Release|Any CPU
	EndGlobalSection
	GlobalSection(ProjectConfigurationPlatforms) = postSolution
		{0F94ABD4-318A-4C19-8C0A-45A17CCCC189}.Debug|Any CPU.ActiveCfg = Debug|Any CPU
		{0F94ABD4-318A-4C19-8C0A-45A17CCCC189}.Debug|Any CPU.Build.0 = Debug|Any CPU
		{0F94ABD4-318A-4C19-8C0A-45A17CCCC189}.Release|Any CPU.ActiveCfg = Release|Any CPU
		{0F94ABD4-318A-4C19-8C0A-45A17CCCC189}.Release|Any CPU.Build.0 = Release|Any CPU
	EndGlobalSection
	GlobalSection(SolutionProperties) = preSolution
		HideSolutionNode = FALSE
	EndGlobalSection
	GlobalSection(ExtensibilityGlobals) = postSolution
		SolutionGuid = {8523CB64-3F10-4FFE-B06A-34487639989B}
	EndGlobalSection
EndGlobal
