
Microsoft Visual Studio Solution File, Format Version 12.00
# Visual Studio Version 16
VisualStudioVersion = 25.0.1706.3
MinimumVisualStudioVersion = 10.0.40219.1
Project("{FAE04EC0-301F-11D3-BF4B-00C04F79EFBC}") = "Models", "Models.csproj", "{EF718BFF-EC7B-433B-94B7-21A90526E312}"
EndProject
Project("{FAE04EC0-301F-11D3-BF4B-00C04F79EFBC}") = "App", "..\App\App.csproj", "{F0D82A86-22D3-4EAA-9054-BF1FAA43A1D7}"
EndProject
Global
	GlobalSection(SolutionConfigurationPlatforms) = preSolution
		Debug|Any CPU = Debug|Any CPU
		Release|Any CPU = Release|Any CPU
	EndGlobalSection
	GlobalSection(ProjectConfigurationPlatforms) = postSolution
		{EF718BFF-EC7B-433B-94B7-21A90526E312}.Debug|Any CPU.ActiveCfg = Debug|Any CPU
		{EF718BFF-EC7B-433B-94B7-21A90526E312}.Debug|Any CPU.Build.0 = Debug|Any CPU
		{EF718BFF-EC7B-433B-94B7-21A90526E312}.Release|Any CPU.ActiveCfg = Release|Any CPU
		{EF718BFF-EC7B-433B-94B7-21A90526E312}.Release|Any CPU.Build.0 = Release|Any CPU
		{F0D82A86-22D3-4EAA-9054-BF1FAA43A1D7}.Debug|Any CPU.ActiveCfg = Debug|Any CPU
		{F0D82A86-22D3-4EAA-9054-BF1FAA43A1D7}.Debug|Any CPU.Build.0 = Debug|Any CPU
		{F0D82A86-22D3-4EAA-9054-BF1FAA43A1D7}.Release|Any CPU.ActiveCfg = Release|Any CPU
		{F0D82A86-22D3-4EAA-9054-BF1FAA43A1D7}.Release|Any CPU.Build.0 = Release|Any CPU
	EndGlobalSection
	GlobalSection(SolutionProperties) = preSolution
		HideSolutionNode = FALSE
	EndGlobalSection
	GlobalSection(ExtensibilityGlobals) = postSolution
		SolutionGuid = {7AA1E5A9-561B-48CF-81E2-03460E69B07A}
	EndGlobalSection
EndGlobal
